// !$*UTF8*$!
{
	archiveVersion = 1;
	classes = {
	};
	objectVersion = 51;
	objects = {

/* Begin PBXBuildFile section */
		49BC16C6266ABFCB00F08AED /* CartViewController.swift in Sources */ = {isa = PBXBuildFile; fileRef = 49BC16C5266ABFCB00F08AED /* CartViewController.swift */; };
		6546DBA348220171788A67ED /* Pods_Sahara.framework in Frameworks */ = {isa = PBXBuildFile; fileRef = D5F9D13C5B467F213A6B832E /* Pods_Sahara.framework */; };
		840A6327265BFC13005485C5 /* Account.storyboard in Resources */ = {isa = PBXBuildFile; fileRef = 840A6326265BFC13005485C5 /* Account.storyboard */; };
		840A6338265C3CFE005485C5 /* address.swift in Sources */ = {isa = PBXBuildFile; fileRef = 840A6337265C3CFE005485C5 /* address.swift */; };
		848BB548266A7B260033F022 /* CosmosLayerHelper.swift in Sources */ = {isa = PBXBuildFile; fileRef = 848BB539266A7B250033F022 /* CosmosLayerHelper.swift */; };
		848BB549266A7B260033F022 /* CosmosAccessibility.swift in Sources */ = {isa = PBXBuildFile; fileRef = 848BB53A266A7B250033F022 /* CosmosAccessibility.swift */; };
		848BB54A266A7B260033F022 /* StarFillMode.swift in Sources */ = {isa = PBXBuildFile; fileRef = 848BB53B266A7B250033F022 /* StarFillMode.swift */; };
		848BB54B266A7B260033F022 /* CosmosText.swift in Sources */ = {isa = PBXBuildFile; fileRef = 848BB53C266A7B250033F022 /* CosmosText.swift */; };
		848BB54C266A7B260033F022 /* CosmosLocalizedRating.swift in Sources */ = {isa = PBXBuildFile; fileRef = 848BB53D266A7B250033F022 /* CosmosLocalizedRating.swift */; };
		848BB54D266A7B260033F022 /* CosmosView.swift in Sources */ = {isa = PBXBuildFile; fileRef = 848BB53E266A7B250033F022 /* CosmosView.swift */; };
		848BB54E266A7B260033F022 /* CosmosTouchTarget.swift in Sources */ = {isa = PBXBuildFile; fileRef = 848BB53F266A7B250033F022 /* CosmosTouchTarget.swift */; };
		848BB54F266A7B260033F022 /* CosmosDefaultSettings.swift in Sources */ = {isa = PBXBuildFile; fileRef = 848BB540266A7B250033F022 /* CosmosDefaultSettings.swift */; };
		848BB550266A7B260033F022 /* CosmosTouch.swift in Sources */ = {isa = PBXBuildFile; fileRef = 848BB541266A7B250033F022 /* CosmosTouch.swift */; };
		848BB551266A7B260033F022 /* StarLayer.swift in Sources */ = {isa = PBXBuildFile; fileRef = 848BB542266A7B250033F022 /* StarLayer.swift */; };
		848BB552266A7B260033F022 /* CosmosSettings.swift in Sources */ = {isa = PBXBuildFile; fileRef = 848BB543266A7B260033F022 /* CosmosSettings.swift */; };
		848BB553266A7B260033F022 /* RightToLeft.swift in Sources */ = {isa = PBXBuildFile; fileRef = 848BB544266A7B260033F022 /* RightToLeft.swift */; };
		848BB554266A7B260033F022 /* CosmosRating.swift in Sources */ = {isa = PBXBuildFile; fileRef = 848BB545266A7B260033F022 /* CosmosRating.swift */; };
		848BB555266A7B260033F022 /* CosmosSize.swift in Sources */ = {isa = PBXBuildFile; fileRef = 848BB546266A7B260033F022 /* CosmosSize.swift */; };
		848BB556266A7B260033F022 /* CosmosLayers.swift in Sources */ = {isa = PBXBuildFile; fileRef = 848BB547266A7B260033F022 /* CosmosLayers.swift */; };
		84B927EB267017DB00739096 /* CreditCard.swift in Sources */ = {isa = PBXBuildFile; fileRef = 84B927EA267017DB00739096 /* CreditCard.swift */; };
		84B927F226701CDA00739096 /* PaymentMakerViewController.swift in Sources */ = {isa = PBXBuildFile; fileRef = 84B927F126701CDA00739096 /* PaymentMakerViewController.swift */; };
		84F6262A2661913A00D9EF6D /* ProfileEditorViewController.swift in Sources */ = {isa = PBXBuildFile; fileRef = 84F626292661913900D9EF6D /* ProfileEditorViewController.swift */; };
		84F626322661937C00D9EF6D /* ProductMaker.swift in Sources */ = {isa = PBXBuildFile; fileRef = 84F626312661937C00D9EF6D /* ProductMaker.swift */; };
		84F6263A2666814800D9EF6D /* makeProducts.swift in Sources */ = {isa = PBXBuildFile; fileRef = 84F626392666814800D9EF6D /* makeProducts.swift */; };
		84F626422669309F00D9EF6D /* TempToRealViewController.swift in Sources */ = {isa = PBXBuildFile; fileRef = 84F626412669309F00D9EF6D /* TempToRealViewController.swift */; };
		8B07D1E8266ABE2C0044F373 /* currentOrdersViewController.swift in Sources */ = {isa = PBXBuildFile; fileRef = 8B07D1E7266ABE2C0044F373 /* currentOrdersViewController.swift */; };
		8B07D1EA266ABE390044F373 /* paymentMethodViewController.swift in Sources */ = {isa = PBXBuildFile; fileRef = 8B07D1E9266ABE390044F373 /* paymentMethodViewController.swift */; };
		8B17AB802658146700CDAA01 /* AppDelegate.swift in Sources */ = {isa = PBXBuildFile; fileRef = 8B17AB7F2658146700CDAA01 /* AppDelegate.swift */; };
		8B17AB822658146700CDAA01 /* SceneDelegate.swift in Sources */ = {isa = PBXBuildFile; fileRef = 8B17AB812658146700CDAA01 /* SceneDelegate.swift */; };
		8B17AB842658146700CDAA01 /* ViewController.swift in Sources */ = {isa = PBXBuildFile; fileRef = 8B17AB832658146700CDAA01 /* ViewController.swift */; };
		8B17AB872658146700CDAA01 /* Main.storyboard in Resources */ = {isa = PBXBuildFile; fileRef = 8B17AB852658146700CDAA01 /* Main.storyboard */; };
		8B17AB8A2658146700CDAA01 /* Sahara.xcdatamodeld in Sources */ = {isa = PBXBuildFile; fileRef = 8B17AB882658146700CDAA01 /* Sahara.xcdatamodeld */; };
		8B17AB8C2658146A00CDAA01 /* Assets.xcassets in Resources */ = {isa = PBXBuildFile; fileRef = 8B17AB8B2658146A00CDAA01 /* Assets.xcassets */; };
		8B17AB8F2658146A00CDAA01 /* LaunchScreen.storyboard in Resources */ = {isa = PBXBuildFile; fileRef = 8B17AB8D2658146A00CDAA01 /* LaunchScreen.storyboard */; };
		8B17AB9E26581B6000CDAA01 /* User+CoreDataClass.swift in Sources */ = {isa = PBXBuildFile; fileRef = 8B17AB9626581B6000CDAA01 /* User+CoreDataClass.swift */; };
		8B17AB9F26581B6000CDAA01 /* User+CoreDataProperties.swift in Sources */ = {isa = PBXBuildFile; fileRef = 8B17AB9726581B6000CDAA01 /* User+CoreDataProperties.swift */; };
		8B17ABA026581B6000CDAA01 /* BoughtProduct+CoreDataClass.swift in Sources */ = {isa = PBXBuildFile; fileRef = 8B17AB9826581B6000CDAA01 /* BoughtProduct+CoreDataClass.swift */; };
		8B17ABA126581B6000CDAA01 /* BoughtProduct+CoreDataProperties.swift in Sources */ = {isa = PBXBuildFile; fileRef = 8B17AB9926581B6000CDAA01 /* BoughtProduct+CoreDataProperties.swift */; };
		8B17ABA226581B6000CDAA01 /* Product+CoreDataClass.swift in Sources */ = {isa = PBXBuildFile; fileRef = 8B17AB9A26581B6000CDAA01 /* Product+CoreDataClass.swift */; };
		8B17ABA326581B6000CDAA01 /* Product+CoreDataProperties.swift in Sources */ = {isa = PBXBuildFile; fileRef = 8B17AB9B26581B6000CDAA01 /* Product+CoreDataProperties.swift */; };
		8B17ABA426581B6000CDAA01 /* Review+CoreDataClass.swift in Sources */ = {isa = PBXBuildFile; fileRef = 8B17AB9C26581B6000CDAA01 /* Review+CoreDataClass.swift */; };
		8B17ABA526581B6000CDAA01 /* Review+CoreDataProperties.swift in Sources */ = {isa = PBXBuildFile; fileRef = 8B17AB9D26581B6000CDAA01 /* Review+CoreDataProperties.swift */; };
		8B2CACD1265FE9D800BB4131 /* ForgotPasswordViewController.swift in Sources */ = {isa = PBXBuildFile; fileRef = 8B2CACC8265FE9D700BB4131 /* ForgotPasswordViewController.swift */; };
		8B2CACD2265FE9D800BB4131 /* SearchHistoryViewController.swift in Sources */ = {isa = PBXBuildFile; fileRef = 8B2CACC9265FE9D700BB4131 /* SearchHistoryViewController.swift */; };
		8B2CACD3265FE9D800BB4131 /* AddressUpdateViewController.swift in Sources */ = {isa = PBXBuildFile; fileRef = 8B2CACCA265FE9D700BB4131 /* AddressUpdateViewController.swift */; };
		8B2CACD4265FE9D800BB4131 /* WishListTableViewCell.swift in Sources */ = {isa = PBXBuildFile; fileRef = 8B2CACCB265FE9D700BB4131 /* WishListTableViewCell.swift */; };
		8B2CACD5265FE9D800BB4131 /* LoginViewController.swift in Sources */ = {isa = PBXBuildFile; fileRef = 8B2CACCC265FE9D700BB4131 /* LoginViewController.swift */; };
		8B2CACD6265FE9D800BB4131 /* WishListViewController.swift in Sources */ = {isa = PBXBuildFile; fileRef = 8B2CACCD265FE9D700BB4131 /* WishListViewController.swift */; };
		8B2CACD8265FE9D800BB4131 /* SearchHistoryTableViewCell.swift in Sources */ = {isa = PBXBuildFile; fileRef = 8B2CACCF265FE9D800BB4131 /* SearchHistoryTableViewCell.swift */; };
		8B2CACD9265FE9D800BB4131 /* SignUpViewController.swift in Sources */ = {isa = PBXBuildFile; fileRef = 8B2CACD0265FE9D800BB4131 /* SignUpViewController.swift */; };
		8B2E31FB26657DCE00ACDC0B /* ProductViewController.swift in Sources */ = {isa = PBXBuildFile; fileRef = 8B2E31FA26657DCE00ACDC0B /* ProductViewController.swift */; };
		8B2E31FD26657E7900ACDC0B /* CheckoutViewController.swift in Sources */ = {isa = PBXBuildFile; fileRef = 8B2E31FC26657E7900ACDC0B /* CheckoutViewController.swift */; };
		8B2E31FF26657E8100ACDC0B /* RefundViewController.swift in Sources */ = {isa = PBXBuildFile; fileRef = 8B2E31FE26657E8100ACDC0B /* RefundViewController.swift */; };
		8B2E320126657E8A00ACDC0B /* PaymentViewController.swift in Sources */ = {isa = PBXBuildFile; fileRef = 8B2E320026657E8A00ACDC0B /* PaymentViewController.swift */; };
		8B2E320326657FA200ACDC0B /* OrdersViewController.swift in Sources */ = {isa = PBXBuildFile; fileRef = 8B2E320226657FA200ACDC0B /* OrdersViewController.swift */; };
		8B5A95F5266131B0003BD812 /* Payment.storyboard in Resources */ = {isa = PBXBuildFile; fileRef = 8B5A95F4266131B0003BD812 /* Payment.storyboard */; };
		8B75180C266408B500556E0C /* SearchResultsTableViewController.swift in Sources */ = {isa = PBXBuildFile; fileRef = 8B75180B266408B500556E0C /* SearchResultsTableViewController.swift */; };
		8B9E5DDF266A748A00BA663E /* iOSDropDown.framework in Frameworks */ = {isa = PBXBuildFile; fileRef = 8B9E5DDE266A748A00BA663E /* iOSDropDown.framework */; };
		8BB15800265BFCDA003F7AA3 /* ProfileViewController.swift in Sources */ = {isa = PBXBuildFile; fileRef = 8BB157FF265BFCDA003F7AA3 /* ProfileViewController.swift */; };
		8BB15806265BFD08003F7AA3 /* ReviewProductViewController.swift in Sources */ = {isa = PBXBuildFile; fileRef = 8BB15805265BFD08003F7AA3 /* ReviewProductViewController.swift */; };
		8BB1580E265BFE6C003F7AA3 /* MainStoreViewController.swift in Sources */ = {isa = PBXBuildFile; fileRef = 8BB1580D265BFE6C003F7AA3 /* MainStoreViewController.swift */; };
		8BB15810265BFE97003F7AA3 /* DashboardViewController.swift in Sources */ = {isa = PBXBuildFile; fileRef = 8BB1580F265BFE97003F7AA3 /* DashboardViewController.swift */; };
		8BBBFBBB26682AD600411F46 /* SearchResultsTableViewCell.swift in Sources */ = {isa = PBXBuildFile; fileRef = 8BBBFBBA26682AD600411F46 /* SearchResultsTableViewCell.swift */; };
		8BCB68CF2666C81700225B97 /* WalletViewController.swift in Sources */ = {isa = PBXBuildFile; fileRef = 8BCB68CE2666C81700225B97 /* WalletViewController.swift */; };
		8BE13809265D777C001E0662 /* DBHelper.swift in Sources */ = {isa = PBXBuildFile; fileRef = 8BE13808265D777C001E0662 /* DBHelper.swift */; };
		8BE1380F265D9964001E0662 /* CustomButton.swift in Sources */ = {isa = PBXBuildFile; fileRef = 8BE1380E265D9964001E0662 /* CustomButton.swift */; };
		8BE13811265D9FA1001E0662 /* BodyView.swift in Sources */ = {isa = PBXBuildFile; fileRef = 8BE13810265D9FA1001E0662 /* BodyView.swift */; };
		8BE13813265D9FAA001E0662 /* HeaderView.swift in Sources */ = {isa = PBXBuildFile; fileRef = 8BE13812265D9FAA001E0662 /* HeaderView.swift */; };
		8BE13816265DA243001E0662 /* CustomView.swift in Sources */ = {isa = PBXBuildFile; fileRef = 8BE13815265DA243001E0662 /* CustomView.swift */; };
		8BE3E963266955D800E70EB6 /* ReviewTableViewCell.swift in Sources */ = {isa = PBXBuildFile; fileRef = 8BE3E962266955D800E70EB6 /* ReviewTableViewCell.swift */; };
/* End PBXBuildFile section */

/* Begin PBXFileReference section */
		42F5B530A184F95444900CD6 /* Pods-Sahara.debug.xcconfig */ = {isa = PBXFileReference; includeInIndex = 1; lastKnownFileType = text.xcconfig; name = "Pods-Sahara.debug.xcconfig"; path = "Target Support Files/Pods-Sahara/Pods-Sahara.debug.xcconfig"; sourceTree = "<group>"; };
		49BC16C5266ABFCB00F08AED /* CartViewController.swift */ = {isa = PBXFileReference; lastKnownFileType = sourcecode.swift; path = CartViewController.swift; sourceTree = "<group>"; };
		840A6326265BFC13005485C5 /* Account.storyboard */ = {isa = PBXFileReference; lastKnownFileType = file.storyboard; path = Account.storyboard; sourceTree = "<group>"; };
		840A6337265C3CFE005485C5 /* address.swift */ = {isa = PBXFileReference; lastKnownFileType = sourcecode.swift; path = address.swift; sourceTree = "<group>"; };
		848BB539266A7B250033F022 /* CosmosLayerHelper.swift */ = {isa = PBXFileReference; fileEncoding = 4; lastKnownFileType = sourcecode.swift; path = CosmosLayerHelper.swift; sourceTree = "<group>"; };
		848BB53A266A7B250033F022 /* CosmosAccessibility.swift */ = {isa = PBXFileReference; fileEncoding = 4; lastKnownFileType = sourcecode.swift; path = CosmosAccessibility.swift; sourceTree = "<group>"; };
		848BB53B266A7B250033F022 /* StarFillMode.swift */ = {isa = PBXFileReference; fileEncoding = 4; lastKnownFileType = sourcecode.swift; path = StarFillMode.swift; sourceTree = "<group>"; };
		848BB53C266A7B250033F022 /* CosmosText.swift */ = {isa = PBXFileReference; fileEncoding = 4; lastKnownFileType = sourcecode.swift; path = CosmosText.swift; sourceTree = "<group>"; };
		848BB53D266A7B250033F022 /* CosmosLocalizedRating.swift */ = {isa = PBXFileReference; fileEncoding = 4; lastKnownFileType = sourcecode.swift; path = CosmosLocalizedRating.swift; sourceTree = "<group>"; };
		848BB53E266A7B250033F022 /* CosmosView.swift */ = {isa = PBXFileReference; fileEncoding = 4; lastKnownFileType = sourcecode.swift; path = CosmosView.swift; sourceTree = "<group>"; };
		848BB53F266A7B250033F022 /* CosmosTouchTarget.swift */ = {isa = PBXFileReference; fileEncoding = 4; lastKnownFileType = sourcecode.swift; path = CosmosTouchTarget.swift; sourceTree = "<group>"; };
		848BB540266A7B250033F022 /* CosmosDefaultSettings.swift */ = {isa = PBXFileReference; fileEncoding = 4; lastKnownFileType = sourcecode.swift; path = CosmosDefaultSettings.swift; sourceTree = "<group>"; };
		848BB541266A7B250033F022 /* CosmosTouch.swift */ = {isa = PBXFileReference; fileEncoding = 4; lastKnownFileType = sourcecode.swift; path = CosmosTouch.swift; sourceTree = "<group>"; };
		848BB542266A7B250033F022 /* StarLayer.swift */ = {isa = PBXFileReference; fileEncoding = 4; lastKnownFileType = sourcecode.swift; path = StarLayer.swift; sourceTree = "<group>"; };
		848BB543266A7B260033F022 /* CosmosSettings.swift */ = {isa = PBXFileReference; fileEncoding = 4; lastKnownFileType = sourcecode.swift; path = CosmosSettings.swift; sourceTree = "<group>"; };
		848BB544266A7B260033F022 /* RightToLeft.swift */ = {isa = PBXFileReference; fileEncoding = 4; lastKnownFileType = sourcecode.swift; path = RightToLeft.swift; sourceTree = "<group>"; };
		848BB545266A7B260033F022 /* CosmosRating.swift */ = {isa = PBXFileReference; fileEncoding = 4; lastKnownFileType = sourcecode.swift; path = CosmosRating.swift; sourceTree = "<group>"; };
		848BB546266A7B260033F022 /* CosmosSize.swift */ = {isa = PBXFileReference; fileEncoding = 4; lastKnownFileType = sourcecode.swift; path = CosmosSize.swift; sourceTree = "<group>"; };
		848BB547266A7B260033F022 /* CosmosLayers.swift */ = {isa = PBXFileReference; fileEncoding = 4; lastKnownFileType = sourcecode.swift; path = CosmosLayers.swift; sourceTree = "<group>"; };
		848BB558266A7B2D0033F022 /* Cosmos.h */ = {isa = PBXFileReference; lastKnownFileType = sourcecode.c.h; path = Cosmos.h; sourceTree = "<group>"; };
		84B927EA267017DB00739096 /* CreditCard.swift */ = {isa = PBXFileReference; lastKnownFileType = sourcecode.swift; path = CreditCard.swift; sourceTree = "<group>"; };
		84B927F126701CDA00739096 /* PaymentMakerViewController.swift */ = {isa = PBXFileReference; lastKnownFileType = sourcecode.swift; path = PaymentMakerViewController.swift; sourceTree = "<group>"; };
		84F626292661913900D9EF6D /* ProfileEditorViewController.swift */ = {isa = PBXFileReference; fileEncoding = 4; lastKnownFileType = sourcecode.swift; path = ProfileEditorViewController.swift; sourceTree = "<group>"; };
		84F626312661937C00D9EF6D /* ProductMaker.swift */ = {isa = PBXFileReference; lastKnownFileType = sourcecode.swift; path = ProductMaker.swift; sourceTree = "<group>"; };
		84F626392666814800D9EF6D /* makeProducts.swift */ = {isa = PBXFileReference; lastKnownFileType = sourcecode.swift; path = makeProducts.swift; sourceTree = "<group>"; };
		84F626412669309F00D9EF6D /* TempToRealViewController.swift */ = {isa = PBXFileReference; lastKnownFileType = sourcecode.swift; path = TempToRealViewController.swift; sourceTree = "<group>"; };
		8B07D1E7266ABE2C0044F373 /* currentOrdersViewController.swift */ = {isa = PBXFileReference; fileEncoding = 4; lastKnownFileType = sourcecode.swift; path = currentOrdersViewController.swift; sourceTree = "<group>"; };
		8B07D1E9266ABE390044F373 /* paymentMethodViewController.swift */ = {isa = PBXFileReference; fileEncoding = 4; lastKnownFileType = sourcecode.swift; path = paymentMethodViewController.swift; sourceTree = "<group>"; };
		8B17AB7C2658146700CDAA01 /* Sahara.app */ = {isa = PBXFileReference; explicitFileType = wrapper.application; includeInIndex = 0; path = Sahara.app; sourceTree = BUILT_PRODUCTS_DIR; };
		8B17AB7F2658146700CDAA01 /* AppDelegate.swift */ = {isa = PBXFileReference; lastKnownFileType = sourcecode.swift; path = AppDelegate.swift; sourceTree = "<group>"; };
		8B17AB812658146700CDAA01 /* SceneDelegate.swift */ = {isa = PBXFileReference; lastKnownFileType = sourcecode.swift; path = SceneDelegate.swift; sourceTree = "<group>"; };
		8B17AB832658146700CDAA01 /* ViewController.swift */ = {isa = PBXFileReference; lastKnownFileType = sourcecode.swift; path = ViewController.swift; sourceTree = "<group>"; };
		8B17AB862658146700CDAA01 /* Base */ = {isa = PBXFileReference; lastKnownFileType = file.storyboard; name = Base; path = Base.lproj/Main.storyboard; sourceTree = "<group>"; };
		8B17AB892658146700CDAA01 /* Sahara.xcdatamodel */ = {isa = PBXFileReference; lastKnownFileType = wrapper.xcdatamodel; path = Sahara.xcdatamodel; sourceTree = "<group>"; };
		8B17AB8B2658146A00CDAA01 /* Assets.xcassets */ = {isa = PBXFileReference; lastKnownFileType = folder.assetcatalog; path = Assets.xcassets; sourceTree = "<group>"; };
		8B17AB8E2658146A00CDAA01 /* Base */ = {isa = PBXFileReference; lastKnownFileType = file.storyboard; name = Base; path = Base.lproj/LaunchScreen.storyboard; sourceTree = "<group>"; };
		8B17AB902658146A00CDAA01 /* Info.plist */ = {isa = PBXFileReference; lastKnownFileType = text.plist.xml; path = Info.plist; sourceTree = "<group>"; };
		8B17AB9626581B6000CDAA01 /* User+CoreDataClass.swift */ = {isa = PBXFileReference; lastKnownFileType = sourcecode.swift; path = "User+CoreDataClass.swift"; sourceTree = "<group>"; };
		8B17AB9726581B6000CDAA01 /* User+CoreDataProperties.swift */ = {isa = PBXFileReference; lastKnownFileType = sourcecode.swift; path = "User+CoreDataProperties.swift"; sourceTree = "<group>"; };
		8B17AB9826581B6000CDAA01 /* BoughtProduct+CoreDataClass.swift */ = {isa = PBXFileReference; lastKnownFileType = sourcecode.swift; path = "BoughtProduct+CoreDataClass.swift"; sourceTree = "<group>"; };
		8B17AB9926581B6000CDAA01 /* BoughtProduct+CoreDataProperties.swift */ = {isa = PBXFileReference; lastKnownFileType = sourcecode.swift; path = "BoughtProduct+CoreDataProperties.swift"; sourceTree = "<group>"; };
		8B17AB9A26581B6000CDAA01 /* Product+CoreDataClass.swift */ = {isa = PBXFileReference; lastKnownFileType = sourcecode.swift; path = "Product+CoreDataClass.swift"; sourceTree = "<group>"; };
		8B17AB9B26581B6000CDAA01 /* Product+CoreDataProperties.swift */ = {isa = PBXFileReference; lastKnownFileType = sourcecode.swift; path = "Product+CoreDataProperties.swift"; sourceTree = "<group>"; };
		8B17AB9C26581B6000CDAA01 /* Review+CoreDataClass.swift */ = {isa = PBXFileReference; lastKnownFileType = sourcecode.swift; path = "Review+CoreDataClass.swift"; sourceTree = "<group>"; };
		8B17AB9D26581B6000CDAA01 /* Review+CoreDataProperties.swift */ = {isa = PBXFileReference; lastKnownFileType = sourcecode.swift; path = "Review+CoreDataProperties.swift"; sourceTree = "<group>"; };
		8B2CACC8265FE9D700BB4131 /* ForgotPasswordViewController.swift */ = {isa = PBXFileReference; fileEncoding = 4; lastKnownFileType = sourcecode.swift; path = ForgotPasswordViewController.swift; sourceTree = "<group>"; };
		8B2CACC9265FE9D700BB4131 /* SearchHistoryViewController.swift */ = {isa = PBXFileReference; fileEncoding = 4; lastKnownFileType = sourcecode.swift; path = SearchHistoryViewController.swift; sourceTree = "<group>"; };
		8B2CACCA265FE9D700BB4131 /* AddressUpdateViewController.swift */ = {isa = PBXFileReference; fileEncoding = 4; lastKnownFileType = sourcecode.swift; path = AddressUpdateViewController.swift; sourceTree = "<group>"; };
		8B2CACCB265FE9D700BB4131 /* WishListTableViewCell.swift */ = {isa = PBXFileReference; fileEncoding = 4; lastKnownFileType = sourcecode.swift; path = WishListTableViewCell.swift; sourceTree = "<group>"; };
		8B2CACCC265FE9D700BB4131 /* LoginViewController.swift */ = {isa = PBXFileReference; fileEncoding = 4; lastKnownFileType = sourcecode.swift; path = LoginViewController.swift; sourceTree = "<group>"; };
		8B2CACCD265FE9D700BB4131 /* WishListViewController.swift */ = {isa = PBXFileReference; fileEncoding = 4; lastKnownFileType = sourcecode.swift; path = WishListViewController.swift; sourceTree = "<group>"; };
		8B2CACCF265FE9D800BB4131 /* SearchHistoryTableViewCell.swift */ = {isa = PBXFileReference; fileEncoding = 4; lastKnownFileType = sourcecode.swift; path = SearchHistoryTableViewCell.swift; sourceTree = "<group>"; };
		8B2CACD0265FE9D800BB4131 /* SignUpViewController.swift */ = {isa = PBXFileReference; fileEncoding = 4; lastKnownFileType = sourcecode.swift; path = SignUpViewController.swift; sourceTree = "<group>"; };
		8B2E31FA26657DCE00ACDC0B /* ProductViewController.swift */ = {isa = PBXFileReference; lastKnownFileType = sourcecode.swift; path = ProductViewController.swift; sourceTree = "<group>"; };
		8B2E31FC26657E7900ACDC0B /* CheckoutViewController.swift */ = {isa = PBXFileReference; lastKnownFileType = sourcecode.swift; path = CheckoutViewController.swift; sourceTree = "<group>"; };
		8B2E31FE26657E8100ACDC0B /* RefundViewController.swift */ = {isa = PBXFileReference; lastKnownFileType = sourcecode.swift; path = RefundViewController.swift; sourceTree = "<group>"; };
		8B2E320026657E8A00ACDC0B /* PaymentViewController.swift */ = {isa = PBXFileReference; lastKnownFileType = sourcecode.swift; path = PaymentViewController.swift; sourceTree = "<group>"; };
		8B2E320226657FA200ACDC0B /* OrdersViewController.swift */ = {isa = PBXFileReference; lastKnownFileType = sourcecode.swift; path = OrdersViewController.swift; sourceTree = "<group>"; };
		8B5A95F4266131B0003BD812 /* Payment.storyboard */ = {isa = PBXFileReference; lastKnownFileType = file.storyboard; path = Payment.storyboard; sourceTree = "<group>"; };
		8B75180B266408B500556E0C /* SearchResultsTableViewController.swift */ = {isa = PBXFileReference; lastKnownFileType = sourcecode.swift; path = SearchResultsTableViewController.swift; sourceTree = "<group>"; };
		8B9E5DDE266A748A00BA663E /* iOSDropDown.framework */ = {isa = PBXFileReference; explicitFileType = wrapper.framework; path = iOSDropDown.framework; sourceTree = BUILT_PRODUCTS_DIR; };
		8BB157FF265BFCDA003F7AA3 /* ProfileViewController.swift */ = {isa = PBXFileReference; lastKnownFileType = sourcecode.swift; path = ProfileViewController.swift; sourceTree = "<group>"; };
		8BB15805265BFD08003F7AA3 /* ReviewProductViewController.swift */ = {isa = PBXFileReference; lastKnownFileType = sourcecode.swift; path = ReviewProductViewController.swift; sourceTree = "<group>"; };
		8BB1580D265BFE6C003F7AA3 /* MainStoreViewController.swift */ = {isa = PBXFileReference; lastKnownFileType = sourcecode.swift; path = MainStoreViewController.swift; sourceTree = "<group>"; };
		8BB1580F265BFE97003F7AA3 /* DashboardViewController.swift */ = {isa = PBXFileReference; lastKnownFileType = sourcecode.swift; path = DashboardViewController.swift; sourceTree = "<group>"; };
		8BBBFBBA26682AD600411F46 /* SearchResultsTableViewCell.swift */ = {isa = PBXFileReference; lastKnownFileType = sourcecode.swift; path = SearchResultsTableViewCell.swift; sourceTree = "<group>"; };
		8BCB68CE2666C81700225B97 /* WalletViewController.swift */ = {isa = PBXFileReference; lastKnownFileType = sourcecode.swift; path = WalletViewController.swift; sourceTree = "<group>"; };
		8BE13808265D777C001E0662 /* DBHelper.swift */ = {isa = PBXFileReference; fileEncoding = 4; lastKnownFileType = sourcecode.swift; path = DBHelper.swift; sourceTree = "<group>"; };
		8BE1380E265D9964001E0662 /* CustomButton.swift */ = {isa = PBXFileReference; lastKnownFileType = sourcecode.swift; path = CustomButton.swift; sourceTree = "<group>"; };
		8BE13810265D9FA1001E0662 /* BodyView.swift */ = {isa = PBXFileReference; lastKnownFileType = sourcecode.swift; path = BodyView.swift; sourceTree = "<group>"; };
		8BE13812265D9FAA001E0662 /* HeaderView.swift */ = {isa = PBXFileReference; lastKnownFileType = sourcecode.swift; path = HeaderView.swift; sourceTree = "<group>"; };
		8BE13815265DA243001E0662 /* CustomView.swift */ = {isa = PBXFileReference; lastKnownFileType = sourcecode.swift; path = CustomView.swift; sourceTree = "<group>"; };
		8BE3E962266955D800E70EB6 /* ReviewTableViewCell.swift */ = {isa = PBXFileReference; lastKnownFileType = sourcecode.swift; path = ReviewTableViewCell.swift; sourceTree = "<group>"; };
		91F55A8EB021FD8204EA8E08 /* Pods-Sahara.release.xcconfig */ = {isa = PBXFileReference; includeInIndex = 1; lastKnownFileType = text.xcconfig; name = "Pods-Sahara.release.xcconfig"; path = "Target Support Files/Pods-Sahara/Pods-Sahara.release.xcconfig"; sourceTree = "<group>"; };
		D5F9D13C5B467F213A6B832E /* Pods_Sahara.framework */ = {isa = PBXFileReference; explicitFileType = wrapper.framework; includeInIndex = 0; path = Pods_Sahara.framework; sourceTree = BUILT_PRODUCTS_DIR; };
/* End PBXFileReference section */

/* Begin PBXFrameworksBuildPhase section */
		8B17AB792658146700CDAA01 /* Frameworks */ = {
			isa = PBXFrameworksBuildPhase;
			buildActionMask = 2147483647;
			files = (
				6546DBA348220171788A67ED /* Pods_Sahara.framework in Frameworks */,
				8B9E5DDF266A748A00BA663E /* iOSDropDown.framework in Frameworks */,
			);
			runOnlyForDeploymentPostprocessing = 0;
		};
/* End PBXFrameworksBuildPhase section */

/* Begin PBXGroup section */
		840A6329265BFC23005485C5 /* Account */ = {
			isa = PBXGroup;
			children = (
				840A6326265BFC13005485C5 /* Account.storyboard */,
				8B2CACCA265FE9D700BB4131 /* AddressUpdateViewController.swift */,
				8B2CACC8265FE9D700BB4131 /* ForgotPasswordViewController.swift */,
				8B2CACCC265FE9D700BB4131 /* LoginViewController.swift */,
				84F626292661913900D9EF6D /* ProfileEditorViewController.swift */,
				8B2CACCF265FE9D800BB4131 /* SearchHistoryTableViewCell.swift */,
				8B2CACC9265FE9D700BB4131 /* SearchHistoryViewController.swift */,
				8B2CACD0265FE9D800BB4131 /* SignUpViewController.swift */,
				8B2CACCB265FE9D700BB4131 /* WishListTableViewCell.swift */,
				8B2CACCD265FE9D700BB4131 /* WishListViewController.swift */,
				84F626412669309F00D9EF6D /* TempToRealViewController.swift */,
			);
			path = Account;
			sourceTree = "<group>";
		};
		8B17AB732658146700CDAA01 = {
			isa = PBXGroup;
			children = (
				8B17AB9626581B6000CDAA01 /* User+CoreDataClass.swift */,
				8B17AB9726581B6000CDAA01 /* User+CoreDataProperties.swift */,
				8B17AB9826581B6000CDAA01 /* BoughtProduct+CoreDataClass.swift */,
				8B17AB9926581B6000CDAA01 /* BoughtProduct+CoreDataProperties.swift */,
				8B17AB9A26581B6000CDAA01 /* Product+CoreDataClass.swift */,
				8B17AB9B26581B6000CDAA01 /* Product+CoreDataProperties.swift */,
				8B17AB9C26581B6000CDAA01 /* Review+CoreDataClass.swift */,
				8B17AB9D26581B6000CDAA01 /* Review+CoreDataProperties.swift */,
				8B17AB7E2658146700CDAA01 /* Sahara */,
				8B17AB7D2658146700CDAA01 /* Products */,
				8BE13805265D60DB001E0662 /* Recovered References */,
				9527670311C683E11C6662E4 /* Pods */,
				926F577061E94C6FC33D2768 /* Frameworks */,
			);
			sourceTree = "<group>";
		};
		8B17AB7D2658146700CDAA01 /* Products */ = {
			isa = PBXGroup;
			children = (
				8B17AB7C2658146700CDAA01 /* Sahara.app */,
			);
			name = Products;
			sourceTree = "<group>";
		};
		8B17AB7E2658146700CDAA01 /* Sahara */ = {
			isa = PBXGroup;
			children = (
				8BE3E985266959D200E70EB6 /* CosmosView */,
				8B5A95F6266131E3003BD812 /* Payment */,
				8BE13814265DA232001E0662 /* CustomUI */,
				840A6329265BFC23005485C5 /* Account */,
				8BB157FC265BFC9F003F7AA3 /* Dashboard */,
				8B17AB7F2658146700CDAA01 /* AppDelegate.swift */,
				8B17AB812658146700CDAA01 /* SceneDelegate.swift */,
				8B17AB832658146700CDAA01 /* ViewController.swift */,
				8B17AB852658146700CDAA01 /* Main.storyboard */,
				8B17AB8B2658146A00CDAA01 /* Assets.xcassets */,
				8B17AB8D2658146A00CDAA01 /* LaunchScreen.storyboard */,
				8B17AB902658146A00CDAA01 /* Info.plist */,
				8B17AB882658146700CDAA01 /* Sahara.xcdatamodeld */,
				8BE13808265D777C001E0662 /* DBHelper.swift */,
				840A6337265C3CFE005485C5 /* address.swift */,
				84F626392666814800D9EF6D /* makeProducts.swift */,
				84B927EA267017DB00739096 /* CreditCard.swift */,
			);
			path = Sahara;
			sourceTree = "<group>";
		};
		8B5A95F6266131E3003BD812 /* Payment */ = {
			isa = PBXGroup;
			children = (
				8B5A95F4266131B0003BD812 /* Payment.storyboard */,
				8B07D1E9266ABE390044F373 /* paymentMethodViewController.swift */,
				8B07D1E7266ABE2C0044F373 /* currentOrdersViewController.swift */,
				84F626312661937C00D9EF6D /* ProductMaker.swift */,
				8B2E31FA26657DCE00ACDC0B /* ProductViewController.swift */,
				8B2E31FC26657E7900ACDC0B /* CheckoutViewController.swift */,
				8B2E31FE26657E8100ACDC0B /* RefundViewController.swift */,
				8B2E320026657E8A00ACDC0B /* PaymentViewController.swift */,
				8BB15805265BFD08003F7AA3 /* ReviewProductViewController.swift */,
				8BE3E962266955D800E70EB6 /* ReviewTableViewCell.swift */,
				8B2E320226657FA200ACDC0B /* OrdersViewController.swift */,
				84B927F126701CDA00739096 /* PaymentMakerViewController.swift */,
			);
			path = Payment;
			sourceTree = "<group>";
		};
		8BB157FC265BFC9F003F7AA3 /* Dashboard */ = {
			isa = PBXGroup;
			children = (
				49BC16C5266ABFCB00F08AED /* CartViewController.swift */,
				8BB1580F265BFE97003F7AA3 /* DashboardViewController.swift */,
				8BB1580D265BFE6C003F7AA3 /* MainStoreViewController.swift */,
				8BB157FF265BFCDA003F7AA3 /* ProfileViewController.swift */,
				8B75180B266408B500556E0C /* SearchResultsTableViewController.swift */,
				8BBBFBBA26682AD600411F46 /* SearchResultsTableViewCell.swift */,
				8BCB68CE2666C81700225B97 /* WalletViewController.swift */,
			);
			path = Dashboard;
			sourceTree = "<group>";
		};
		8BE13805265D60DB001E0662 /* Recovered References */ = {
			isa = PBXGroup;
			children = (
			);
			name = "Recovered References";
			sourceTree = "<group>";
		};
		8BE13814265DA232001E0662 /* CustomUI */ = {
			isa = PBXGroup;
			children = (
				8BE1380E265D9964001E0662 /* CustomButton.swift */,
				8BE13810265D9FA1001E0662 /* BodyView.swift */,
				8BE13812265D9FAA001E0662 /* HeaderView.swift */,
				8BE13815265DA243001E0662 /* CustomView.swift */,
			);
			path = CustomUI;
			sourceTree = "<group>";
		};
		8BE3E985266959D200E70EB6 /* CosmosView */ = {
			isa = PBXGroup;
			children = (
				848BB53A266A7B250033F022 /* CosmosAccessibility.swift */,
				848BB540266A7B250033F022 /* CosmosDefaultSettings.swift */,
				848BB558266A7B2D0033F022 /* Cosmos.h */,
				848BB539266A7B250033F022 /* CosmosLayerHelper.swift */,
				848BB547266A7B260033F022 /* CosmosLayers.swift */,
				848BB53D266A7B250033F022 /* CosmosLocalizedRating.swift */,
				848BB545266A7B260033F022 /* CosmosRating.swift */,
				848BB543266A7B260033F022 /* CosmosSettings.swift */,
				848BB546266A7B260033F022 /* CosmosSize.swift */,
				848BB53C266A7B250033F022 /* CosmosText.swift */,
				848BB541266A7B250033F022 /* CosmosTouch.swift */,
				848BB53F266A7B250033F022 /* CosmosTouchTarget.swift */,
				848BB53E266A7B250033F022 /* CosmosView.swift */,
				848BB544266A7B260033F022 /* RightToLeft.swift */,
				848BB53B266A7B250033F022 /* StarFillMode.swift */,
				848BB542266A7B250033F022 /* StarLayer.swift */,
			);
			path = CosmosView;
			sourceTree = "<group>";
		};
		926F577061E94C6FC33D2768 /* Frameworks */ = {
			isa = PBXGroup;
			children = (
				8B9E5DDE266A748A00BA663E /* iOSDropDown.framework */,
				D5F9D13C5B467F213A6B832E /* Pods_Sahara.framework */,
			);
			name = Frameworks;
			sourceTree = "<group>";
		};
		9527670311C683E11C6662E4 /* Pods */ = {
			isa = PBXGroup;
			children = (
				42F5B530A184F95444900CD6 /* Pods-Sahara.debug.xcconfig */,
				91F55A8EB021FD8204EA8E08 /* Pods-Sahara.release.xcconfig */,
			);
			path = Pods;
			sourceTree = "<group>";
		};
/* End PBXGroup section */

/* Begin PBXNativeTarget section */
		8B17AB7B2658146700CDAA01 /* Sahara */ = {
			isa = PBXNativeTarget;
			buildConfigurationList = 8B17AB932658146A00CDAA01 /* Build configuration list for PBXNativeTarget "Sahara" */;
			buildPhases = (
				4C55BB651CD3E134D2622C5C /* [CP] Check Pods Manifest.lock */,
				8B17AB782658146700CDAA01 /* Sources */,
				8B17AB792658146700CDAA01 /* Frameworks */,
				8B17AB7A2658146700CDAA01 /* Resources */,
				FBDE47BE708381AC6CCEBD7B /* [CP] Embed Pods Frameworks */,
			);
			buildRules = (
			);
			dependencies = (
			);
			name = Sahara;
			productName = Sahara;
			productReference = 8B17AB7C2658146700CDAA01 /* Sahara.app */;
			productType = "com.apple.product-type.application";
		};
/* End PBXNativeTarget section */

/* Begin PBXProject section */
		8B17AB742658146700CDAA01 /* Project object */ = {
			isa = PBXProject;
			attributes = {
				LastSwiftUpdateCheck = 1250;
				LastUpgradeCheck = 1250;
				TargetAttributes = {
					8B17AB7B2658146700CDAA01 = {
						CreatedOnToolsVersion = 12.5;
					};
				};
			};
			buildConfigurationList = 8B17AB772658146700CDAA01 /* Build configuration list for PBXProject "Sahara" */;
			compatibilityVersion = "Xcode 9.3";
			developmentRegion = en;
			hasScannedForEncodings = 0;
			knownRegions = (
				en,
				Base,
			);
			mainGroup = 8B17AB732658146700CDAA01;
			productRefGroup = 8B17AB7D2658146700CDAA01 /* Products */;
			projectDirPath = "";
			projectRoot = "";
			targets = (
				8B17AB7B2658146700CDAA01 /* Sahara */,
			);
		};
/* End PBXProject section */

/* Begin PBXResourcesBuildPhase section */
		8B17AB7A2658146700CDAA01 /* Resources */ = {
			isa = PBXResourcesBuildPhase;
			buildActionMask = 2147483647;
			files = (
				8B17AB8F2658146A00CDAA01 /* LaunchScreen.storyboard in Resources */,
				8B5A95F5266131B0003BD812 /* Payment.storyboard in Resources */,
				8B17AB8C2658146A00CDAA01 /* Assets.xcassets in Resources */,
				840A6327265BFC13005485C5 /* Account.storyboard in Resources */,
				8B17AB872658146700CDAA01 /* Main.storyboard in Resources */,
			);
			runOnlyForDeploymentPostprocessing = 0;
		};
/* End PBXResourcesBuildPhase section */

/* Begin PBXShellScriptBuildPhase section */
		4C55BB651CD3E134D2622C5C /* [CP] Check Pods Manifest.lock */ = {
			isa = PBXShellScriptBuildPhase;
			buildActionMask = 2147483647;
			files = (
			);
			inputFileListPaths = (
			);
			inputPaths = (
				"${PODS_PODFILE_DIR_PATH}/Podfile.lock",
				"${PODS_ROOT}/Manifest.lock",
			);
			name = "[CP] Check Pods Manifest.lock";
			outputFileListPaths = (
			);
			outputPaths = (
				"$(DERIVED_FILE_DIR)/Pods-Sahara-checkManifestLockResult.txt",
			);
			runOnlyForDeploymentPostprocessing = 0;
			shellPath = /bin/sh;
			shellScript = "diff \"${PODS_PODFILE_DIR_PATH}/Podfile.lock\" \"${PODS_ROOT}/Manifest.lock\" > /dev/null\nif [ $? != 0 ] ; then\n    # print error to STDERR\n    echo \"error: The sandbox is not in sync with the Podfile.lock. Run 'pod install' or update your CocoaPods installation.\" >&2\n    exit 1\nfi\n# This output is used by Xcode 'outputs' to avoid re-running this script phase.\necho \"SUCCESS\" > \"${SCRIPT_OUTPUT_FILE_0}\"\n";
			showEnvVarsInLog = 0;
		};
		FBDE47BE708381AC6CCEBD7B /* [CP] Embed Pods Frameworks */ = {
			isa = PBXShellScriptBuildPhase;
			buildActionMask = 2147483647;
			files = (
			);
			inputFileListPaths = (
				"${PODS_ROOT}/Target Support Files/Pods-Sahara/Pods-Sahara-frameworks-${CONFIGURATION}-input-files.xcfilelist",
			);
			name = "[CP] Embed Pods Frameworks";
			outputFileListPaths = (
				"${PODS_ROOT}/Target Support Files/Pods-Sahara/Pods-Sahara-frameworks-${CONFIGURATION}-output-files.xcfilelist",
			);
			runOnlyForDeploymentPostprocessing = 0;
			shellPath = /bin/sh;
			shellScript = "\"${PODS_ROOT}/Target Support Files/Pods-Sahara/Pods-Sahara-frameworks.sh\"\n";
			showEnvVarsInLog = 0;
		};
/* End PBXShellScriptBuildPhase section */

/* Begin PBXSourcesBuildPhase section */
		8B17AB782658146700CDAA01 /* Sources */ = {
			isa = PBXSourcesBuildPhase;
			buildActionMask = 2147483647;
			files = (
				848BB549266A7B260033F022 /* CosmosAccessibility.swift in Sources */,
				8B17ABA326581B6000CDAA01 /* Product+CoreDataProperties.swift in Sources */,
				848BB54B266A7B260033F022 /* CosmosText.swift in Sources */,
				8B2E320126657E8A00ACDC0B /* PaymentViewController.swift in Sources */,
				84F6262A2661913A00D9EF6D /* ProfileEditorViewController.swift in Sources */,
				8B2CACD6265FE9D800BB4131 /* WishListViewController.swift in Sources */,
				84B927EB267017DB00739096 /* CreditCard.swift in Sources */,
				8B17AB842658146700CDAA01 /* ViewController.swift in Sources */,
				848BB548266A7B260033F022 /* CosmosLayerHelper.swift in Sources */,
				8B17AB802658146700CDAA01 /* AppDelegate.swift in Sources */,
				8B2CACD4265FE9D800BB4131 /* WishListTableViewCell.swift in Sources */,
				848BB553266A7B260033F022 /* RightToLeft.swift in Sources */,
				8BE3E963266955D800E70EB6 /* ReviewTableViewCell.swift in Sources */,
				8B2E31FB26657DCE00ACDC0B /* ProductViewController.swift in Sources */,
				8B07D1EA266ABE390044F373 /* paymentMethodViewController.swift in Sources */,
				8BE13809265D777C001E0662 /* DBHelper.swift in Sources */,
				8BB15806265BFD08003F7AA3 /* ReviewProductViewController.swift in Sources */,
				8B17AB9F26581B6000CDAA01 /* User+CoreDataProperties.swift in Sources */,
				8B2CACD2265FE9D800BB4131 /* SearchHistoryViewController.swift in Sources */,
				8BB15800265BFCDA003F7AA3 /* ProfileViewController.swift in Sources */,
				848BB552266A7B260033F022 /* CosmosSettings.swift in Sources */,
				8BB15810265BFE97003F7AA3 /* DashboardViewController.swift in Sources */,
				848BB54D266A7B260033F022 /* CosmosView.swift in Sources */,
				8B17AB822658146700CDAA01 /* SceneDelegate.swift in Sources */,
				8B2CACD1265FE9D800BB4131 /* ForgotPasswordViewController.swift in Sources */,
				8B17AB8A2658146700CDAA01 /* Sahara.xcdatamodeld in Sources */,
				84F626422669309F00D9EF6D /* TempToRealViewController.swift in Sources */,
				8B2E31FF26657E8100ACDC0B /* RefundViewController.swift in Sources */,
				8B17ABA226581B6000CDAA01 /* Product+CoreDataClass.swift in Sources */,
				8B17ABA526581B6000CDAA01 /* Review+CoreDataProperties.swift in Sources */,
				84B927F226701CDA00739096 /* PaymentMakerViewController.swift in Sources */,
				8B17ABA426581B6000CDAA01 /* Review+CoreDataClass.swift in Sources */,
				49BC16C6266ABFCB00F08AED /* CartViewController.swift in Sources */,
				848BB556266A7B260033F022 /* CosmosLayers.swift in Sources */,
				84F6263A2666814800D9EF6D /* makeProducts.swift in Sources */,
				8BCB68CF2666C81700225B97 /* WalletViewController.swift in Sources */,
				8B2CACD5265FE9D800BB4131 /* LoginViewController.swift in Sources */,
				8B17ABA026581B6000CDAA01 /* BoughtProduct+CoreDataClass.swift in Sources */,
				8BBBFBBB26682AD600411F46 /* SearchResultsTableViewCell.swift in Sources */,
				84F626322661937C00D9EF6D /* ProductMaker.swift in Sources */,
				8B2CACD9265FE9D800BB4131 /* SignUpViewController.swift in Sources */,
				8B2CACD8265FE9D800BB4131 /* SearchHistoryTableViewCell.swift in Sources */,
				848BB54F266A7B260033F022 /* CosmosDefaultSettings.swift in Sources */,
				8BB1580E265BFE6C003F7AA3 /* MainStoreViewController.swift in Sources */,
				8B07D1E8266ABE2C0044F373 /* currentOrdersViewController.swift in Sources */,
				848BB554266A7B260033F022 /* CosmosRating.swift in Sources */,
				848BB54E266A7B260033F022 /* CosmosTouchTarget.swift in Sources */,
				8B2CACD3265FE9D800BB4131 /* AddressUpdateViewController.swift in Sources */,
				8B17ABA126581B6000CDAA01 /* BoughtProduct+CoreDataProperties.swift in Sources */,
				848BB550266A7B260033F022 /* CosmosTouch.swift in Sources */,
				8BE1380F265D9964001E0662 /* CustomButton.swift in Sources */,
				8BE13816265DA243001E0662 /* CustomView.swift in Sources */,
				8BE13811265D9FA1001E0662 /* BodyView.swift in Sources */,
				848BB555266A7B260033F022 /* CosmosSize.swift in Sources */,
				848BB54C266A7B260033F022 /* CosmosLocalizedRating.swift in Sources */,
				8B75180C266408B500556E0C /* SearchResultsTableViewController.swift in Sources */,
				848BB551266A7B260033F022 /* StarLayer.swift in Sources */,
				8B2E320326657FA200ACDC0B /* OrdersViewController.swift in Sources */,
				840A6338265C3CFE005485C5 /* address.swift in Sources */,
				8B17AB9E26581B6000CDAA01 /* User+CoreDataClass.swift in Sources */,
				8BE13813265D9FAA001E0662 /* HeaderView.swift in Sources */,
				8B2E31FD26657E7900ACDC0B /* CheckoutViewController.swift in Sources */,
				848BB54A266A7B260033F022 /* StarFillMode.swift in Sources */,
			);
			runOnlyForDeploymentPostprocessing = 0;
		};
/* End PBXSourcesBuildPhase section */

/* Begin PBXVariantGroup section */
		8B17AB852658146700CDAA01 /* Main.storyboard */ = {
			isa = PBXVariantGroup;
			children = (
				8B17AB862658146700CDAA01 /* Base */,
			);
			name = Main.storyboard;
			sourceTree = "<group>";
		};
		8B17AB8D2658146A00CDAA01 /* LaunchScreen.storyboard */ = {
			isa = PBXVariantGroup;
			children = (
				8B17AB8E2658146A00CDAA01 /* Base */,
			);
			name = LaunchScreen.storyboard;
			sourceTree = "<group>";
		};
/* End PBXVariantGroup section */

/* Begin XCBuildConfiguration section */
		8B17AB912658146A00CDAA01 /* Debug */ = {
			isa = XCBuildConfiguration;
			buildSettings = {
				ALWAYS_SEARCH_USER_PATHS = NO;
				CLANG_ANALYZER_NONNULL = YES;
				CLANG_ANALYZER_NUMBER_OBJECT_CONVERSION = YES_AGGRESSIVE;
				CLANG_CXX_LANGUAGE_STANDARD = "gnu++14";
				CLANG_CXX_LIBRARY = "libc++";
				CLANG_ENABLE_MODULES = YES;
				CLANG_ENABLE_OBJC_ARC = YES;
				CLANG_ENABLE_OBJC_WEAK = YES;
				CLANG_WARN_BLOCK_CAPTURE_AUTORELEASING = YES;
				CLANG_WARN_BOOL_CONVERSION = YES;
				CLANG_WARN_COMMA = YES;
				CLANG_WARN_CONSTANT_CONVERSION = YES;
				CLANG_WARN_DEPRECATED_OBJC_IMPLEMENTATIONS = YES;
				CLANG_WARN_DIRECT_OBJC_ISA_USAGE = YES_ERROR;
				CLANG_WARN_DOCUMENTATION_COMMENTS = YES;
				CLANG_WARN_EMPTY_BODY = YES;
				CLANG_WARN_ENUM_CONVERSION = YES;
				CLANG_WARN_INFINITE_RECURSION = YES;
				CLANG_WARN_INT_CONVERSION = YES;
				CLANG_WARN_NON_LITERAL_NULL_CONVERSION = YES;
				CLANG_WARN_OBJC_IMPLICIT_RETAIN_SELF = YES;
				CLANG_WARN_OBJC_LITERAL_CONVERSION = YES;
				CLANG_WARN_OBJC_ROOT_CLASS = YES_ERROR;
				CLANG_WARN_QUOTED_INCLUDE_IN_FRAMEWORK_HEADER = YES;
				CLANG_WARN_RANGE_LOOP_ANALYSIS = YES;
				CLANG_WARN_STRICT_PROTOTYPES = YES;
				CLANG_WARN_SUSPICIOUS_MOVE = YES;
				CLANG_WARN_UNGUARDED_AVAILABILITY = YES_AGGRESSIVE;
				CLANG_WARN_UNREACHABLE_CODE = YES;
				CLANG_WARN__DUPLICATE_METHOD_MATCH = YES;
				COPY_PHASE_STRIP = NO;
				DEBUG_INFORMATION_FORMAT = dwarf;
				ENABLE_STRICT_OBJC_MSGSEND = YES;
				ENABLE_TESTABILITY = YES;
				GCC_C_LANGUAGE_STANDARD = gnu11;
				GCC_DYNAMIC_NO_PIC = NO;
				GCC_NO_COMMON_BLOCKS = YES;
				GCC_OPTIMIZATION_LEVEL = 0;
				GCC_PREPROCESSOR_DEFINITIONS = (
					"DEBUG=1",
					"$(inherited)",
				);
				GCC_WARN_64_TO_32_BIT_CONVERSION = YES;
				GCC_WARN_ABOUT_RETURN_TYPE = YES_ERROR;
				GCC_WARN_UNDECLARED_SELECTOR = YES;
				GCC_WARN_UNINITIALIZED_AUTOS = YES_AGGRESSIVE;
				GCC_WARN_UNUSED_FUNCTION = YES;
				GCC_WARN_UNUSED_VARIABLE = YES;
				IPHONEOS_DEPLOYMENT_TARGET = 14.3;
				MTL_ENABLE_DEBUG_INFO = INCLUDE_SOURCE;
				MTL_FAST_MATH = YES;
				ONLY_ACTIVE_ARCH = YES;
				SDKROOT = iphoneos;
				SWIFT_ACTIVE_COMPILATION_CONDITIONS = DEBUG;
				SWIFT_OPTIMIZATION_LEVEL = "-Onone";
			};
			name = Debug;
		};
		8B17AB922658146A00CDAA01 /* Release */ = {
			isa = XCBuildConfiguration;
			buildSettings = {
				ALWAYS_SEARCH_USER_PATHS = NO;
				CLANG_ANALYZER_NONNULL = YES;
				CLANG_ANALYZER_NUMBER_OBJECT_CONVERSION = YES_AGGRESSIVE;
				CLANG_CXX_LANGUAGE_STANDARD = "gnu++14";
				CLANG_CXX_LIBRARY = "libc++";
				CLANG_ENABLE_MODULES = YES;
				CLANG_ENABLE_OBJC_ARC = YES;
				CLANG_ENABLE_OBJC_WEAK = YES;
				CLANG_WARN_BLOCK_CAPTURE_AUTORELEASING = YES;
				CLANG_WARN_BOOL_CONVERSION = YES;
				CLANG_WARN_COMMA = YES;
				CLANG_WARN_CONSTANT_CONVERSION = YES;
				CLANG_WARN_DEPRECATED_OBJC_IMPLEMENTATIONS = YES;
				CLANG_WARN_DIRECT_OBJC_ISA_USAGE = YES_ERROR;
				CLANG_WARN_DOCUMENTATION_COMMENTS = YES;
				CLANG_WARN_EMPTY_BODY = YES;
				CLANG_WARN_ENUM_CONVERSION = YES;
				CLANG_WARN_INFINITE_RECURSION = YES;
				CLANG_WARN_INT_CONVERSION = YES;
				CLANG_WARN_NON_LITERAL_NULL_CONVERSION = YES;
				CLANG_WARN_OBJC_IMPLICIT_RETAIN_SELF = YES;
				CLANG_WARN_OBJC_LITERAL_CONVERSION = YES;
				CLANG_WARN_OBJC_ROOT_CLASS = YES_ERROR;
				CLANG_WARN_QUOTED_INCLUDE_IN_FRAMEWORK_HEADER = YES;
				CLANG_WARN_RANGE_LOOP_ANALYSIS = YES;
				CLANG_WARN_STRICT_PROTOTYPES = YES;
				CLANG_WARN_SUSPICIOUS_MOVE = YES;
				CLANG_WARN_UNGUARDED_AVAILABILITY = YES_AGGRESSIVE;
				CLANG_WARN_UNREACHABLE_CODE = YES;
				CLANG_WARN__DUPLICATE_METHOD_MATCH = YES;
				COPY_PHASE_STRIP = NO;
				DEBUG_INFORMATION_FORMAT = "dwarf-with-dsym";
				ENABLE_NS_ASSERTIONS = NO;
				ENABLE_STRICT_OBJC_MSGSEND = YES;
				GCC_C_LANGUAGE_STANDARD = gnu11;
				GCC_NO_COMMON_BLOCKS = YES;
				GCC_WARN_64_TO_32_BIT_CONVERSION = YES;
				GCC_WARN_ABOUT_RETURN_TYPE = YES_ERROR;
				GCC_WARN_UNDECLARED_SELECTOR = YES;
				GCC_WARN_UNINITIALIZED_AUTOS = YES_AGGRESSIVE;
				GCC_WARN_UNUSED_FUNCTION = YES;
				GCC_WARN_UNUSED_VARIABLE = YES;
				IPHONEOS_DEPLOYMENT_TARGET = 14.3;
				MTL_ENABLE_DEBUG_INFO = NO;
				MTL_FAST_MATH = YES;
				SDKROOT = iphoneos;
				SWIFT_COMPILATION_MODE = wholemodule;
				SWIFT_OPTIMIZATION_LEVEL = "-O";
				VALIDATE_PRODUCT = YES;
			};
			name = Release;
		};
		8B17AB942658146A00CDAA01 /* Debug */ = {
			isa = XCBuildConfiguration;
			baseConfigurationReference = 42F5B530A184F95444900CD6 /* Pods-Sahara.debug.xcconfig */;
			buildSettings = {
				ASSETCATALOG_COMPILER_APPICON_NAME = AppIcon;
				ASSETCATALOG_COMPILER_GLOBAL_ACCENT_COLOR_NAME = AccentColor;
				CODE_SIGN_STYLE = Automatic;
				INFOPLIST_FILE = Sahara/Info.plist;
				IPHONEOS_DEPLOYMENT_TARGET = 14.3;
				LD_RUNPATH_SEARCH_PATHS = (
					"$(inherited)",
					"@executable_path/Frameworks",
				);
				PRODUCT_BUNDLE_IDENTIFIER = KH.Sahara;
				PRODUCT_NAME = "$(TARGET_NAME)";
				SWIFT_VERSION = 5.0;
				TARGETED_DEVICE_FAMILY = "1,2";
			};
			name = Debug;
		};
		8B17AB952658146A00CDAA01 /* Release */ = {
			isa = XCBuildConfiguration;
			baseConfigurationReference = 91F55A8EB021FD8204EA8E08 /* Pods-Sahara.release.xcconfig */;
			buildSettings = {
				ASSETCATALOG_COMPILER_APPICON_NAME = AppIcon;
				ASSETCATALOG_COMPILER_GLOBAL_ACCENT_COLOR_NAME = AccentColor;
				CODE_SIGN_STYLE = Automatic;
				INFOPLIST_FILE = Sahara/Info.plist;
				IPHONEOS_DEPLOYMENT_TARGET = 14.3;
				LD_RUNPATH_SEARCH_PATHS = (
					"$(inherited)",
					"@executable_path/Frameworks",
				);
				PRODUCT_BUNDLE_IDENTIFIER = KH.Sahara;
				PRODUCT_NAME = "$(TARGET_NAME)";
				SWIFT_VERSION = 5.0;
				TARGETED_DEVICE_FAMILY = "1,2";
			};
			name = Release;
		};
/* End XCBuildConfiguration section */

/* Begin XCConfigurationList section */
		8B17AB772658146700CDAA01 /* Build configuration list for PBXProject "Sahara" */ = {
			isa = XCConfigurationList;
			buildConfigurations = (
				8B17AB912658146A00CDAA01 /* Debug */,
				8B17AB922658146A00CDAA01 /* Release */,
			);
			defaultConfigurationIsVisible = 0;
			defaultConfigurationName = Release;
		};
		8B17AB932658146A00CDAA01 /* Build configuration list for PBXNativeTarget "Sahara" */ = {
			isa = XCConfigurationList;
			buildConfigurations = (
				8B17AB942658146A00CDAA01 /* Debug */,
				8B17AB952658146A00CDAA01 /* Release */,
			);
			defaultConfigurationIsVisible = 0;
			defaultConfigurationName = Release;
		};
/* End XCConfigurationList section */

/* Begin XCVersionGroup section */
		8B17AB882658146700CDAA01 /* Sahara.xcdatamodeld */ = {
			isa = XCVersionGroup;
			children = (
				8B17AB892658146700CDAA01 /* Sahara.xcdatamodel */,
			);
			currentVersion = 8B17AB892658146700CDAA01 /* Sahara.xcdatamodel */;
			path = Sahara.xcdatamodeld;
			sourceTree = "<group>";
			versionGroupType = wrapper.xcdatamodel;
		};
/* End XCVersionGroup section */
	};
	rootObject = 8B17AB742658146700CDAA01 /* Project object */;
}
